// !$*UTF8*$!
{
	archiveVersion = 1;
	classes = {
	};
	objectVersion = 48;
	objects = {

/* Begin PBXBuildFile section */
		E4ABE94A1FE49D1C002A8C4B /* AppDelegate.swift in Sources */ = {isa = PBXBuildFile; fileRef = E4ABE9491FE49D1C002A8C4B /* AppDelegate.swift */; };
		E4ABE94C1FE49D1C002A8C4B /* ViewController.swift in Sources */ = {isa = PBXBuildFile; fileRef = E4ABE94B1FE49D1C002A8C4B /* ViewController.swift */; };
		E4ABE94F1FE49D1C002A8C4B /* Main.storyboard in Resources */ = {isa = PBXBuildFile; fileRef = E4ABE94D1FE49D1C002A8C4B /* Main.storyboard */; };
		E4ABE9511FE49D1C002A8C4B /* Assets.xcassets in Resources */ = {isa = PBXBuildFile; fileRef = E4ABE9501FE49D1C002A8C4B /* Assets.xcassets */; };
		E4ABE9541FE49D1C002A8C4B /* LaunchScreen.storyboard in Resources */ = {isa = PBXBuildFile; fileRef = E4ABE9521FE49D1C002A8C4B /* LaunchScreen.storyboard */; };
		E4ABE95F1FE49D1C002A8C4B /* wnm617finalTests.swift in Sources */ = {isa = PBXBuildFile; fileRef = E4ABE95E1FE49D1C002A8C4B /* wnm617finalTests.swift */; };
		E4ABE96A1FE49D1C002A8C4B /* wnm617finalUITests.swift in Sources */ = {isa = PBXBuildFile; fileRef = E4ABE9691FE49D1C002A8C4B /* wnm617finalUITests.swift */; };
/* End PBXBuildFile section */

/* Begin PBXContainerItemProxy section */
		E4ABE95B1FE49D1C002A8C4B /* PBXContainerItemProxy */ = {
			isa = PBXContainerItemProxy;
			containerPortal = E4ABE93E1FE49D1C002A8C4B /* Project object */;
			proxyType = 1;
			remoteGlobalIDString = E4ABE9451FE49D1C002A8C4B;
			remoteInfo = wnm617final;
		};
		E4ABE9661FE49D1C002A8C4B /* PBXContainerItemProxy */ = {
			isa = PBXContainerItemProxy;
			containerPortal = E4ABE93E1FE49D1C002A8C4B /* Project object */;
			proxyType = 1;
			remoteGlobalIDString = E4ABE9451FE49D1C002A8C4B;
			remoteInfo = wnm617final;
		};
/* End PBXContainerItemProxy section */

/* Begin PBXFileReference section */
		E4ABE9461FE49D1C002A8C4B /* wnm617final.app */ = {isa = PBXFileReference; explicitFileType = wrapper.application; includeInIndex = 0; path = wnm617final.app; sourceTree = BUILT_PRODUCTS_DIR; };
		E4ABE9491FE49D1C002A8C4B /* AppDelegate.swift */ = {isa = PBXFileReference; lastKnownFileType = sourcecode.swift; path = AppDelegate.swift; sourceTree = "<group>"; };
		E4ABE94B1FE49D1C002A8C4B /* ViewController.swift */ = {isa = PBXFileReference; lastKnownFileType = sourcecode.swift; path = ViewController.swift; sourceTree = "<group>"; };
		E4ABE94E1FE49D1C002A8C4B /* Base */ = {isa = PBXFileReference; lastKnownFileType = file.storyboard; name = Base; path = Base.lproj/Main.storyboard; sourceTree = "<group>"; };
		E4ABE9501FE49D1C002A8C4B /* Assets.xcassets */ = {isa = PBXFileReference; lastKnownFileType = folder.assetcatalog; path = Assets.xcassets; sourceTree = "<group>"; };
		E4ABE9531FE49D1C002A8C4B /* Base */ = {isa = PBXFileReference; lastKnownFileType = file.storyboard; name = Base; path = Base.lproj/LaunchScreen.storyboard; sourceTree = "<group>"; };
		E4ABE9551FE49D1C002A8C4B /* Info.plist */ = {isa = PBXFileReference; lastKnownFileType = text.plist.xml; path = Info.plist; sourceTree = "<group>"; };
		E4ABE95A1FE49D1C002A8C4B /* wnm617finalTests.xctest */ = {isa = PBXFileReference; explicitFileType = wrapper.cfbundle; includeInIndex = 0; path = wnm617finalTests.xctest; sourceTree = BUILT_PRODUCTS_DIR; };
		E4ABE95E1FE49D1C002A8C4B /* wnm617finalTests.swift */ = {isa = PBXFileReference; lastKnownFileType = sourcecode.swift; path = wnm617finalTests.swift; sourceTree = "<group>"; };
		E4ABE9601FE49D1C002A8C4B /* Info.plist */ = {isa = PBXFileReference; lastKnownFileType = text.plist.xml; path = Info.plist; sourceTree = "<group>"; };
		E4ABE9651FE49D1C002A8C4B /* wnm617finalUITests.xctest */ = {isa = PBXFileReference; explicitFileType = wrapper.cfbundle; includeInIndex = 0; path = wnm617finalUITests.xctest; sourceTree = BUILT_PRODUCTS_DIR; };
		E4ABE9691FE49D1C002A8C4B /* wnm617finalUITests.swift */ = {isa = PBXFileReference; lastKnownFileType = sourcecode.swift; path = wnm617finalUITests.swift; sourceTree = "<group>"; };
		E4ABE96B1FE49D1C002A8C4B /* Info.plist */ = {isa = PBXFileReference; lastKnownFileType = text.plist.xml; path = Info.plist; sourceTree = "<group>"; };
/* End PBXFileReference section */

/* Begin PBXFrameworksBuildPhase section */
		E4ABE9431FE49D1C002A8C4B /* Frameworks */ = {
			isa = PBXFrameworksBuildPhase;
			buildActionMask = 2147483647;
			files = (
			);
			runOnlyForDeploymentPostprocessing = 0;
		};
		E4ABE9571FE49D1C002A8C4B /* Frameworks */ = {
			isa = PBXFrameworksBuildPhase;
			buildActionMask = 2147483647;
			files = (
			);
			runOnlyForDeploymentPostprocessing = 0;
		};
		E4ABE9621FE49D1C002A8C4B /* Frameworks */ = {
			isa = PBXFrameworksBuildPhase;
			buildActionMask = 2147483647;
			files = (
			);
			runOnlyForDeploymentPostprocessing = 0;
		};
/* End PBXFrameworksBuildPhase section */

/* Begin PBXGroup section */
		E4ABE93D1FE49D1C002A8C4B = {
			isa = PBXGroup;
			children = (
				E4ABE9481FE49D1C002A8C4B /* wnm617final */,
				E4ABE95D1FE49D1C002A8C4B /* wnm617finalTests */,
				E4ABE9681FE49D1C002A8C4B /* wnm617finalUITests */,
				E4ABE9471FE49D1C002A8C4B /* Products */,
			);
			sourceTree = "<group>";
		};
		E4ABE9471FE49D1C002A8C4B /* Products */ = {
			isa = PBXGroup;
			children = (
				E4ABE9461FE49D1C002A8C4B /* wnm617final.app */,
				E4ABE95A1FE49D1C002A8C4B /* wnm617finalTests.xctest */,
				E4ABE9651FE49D1C002A8C4B /* wnm617finalUITests.xctest */,
			);
			name = Products;
			sourceTree = "<group>";
		};
		E4ABE9481FE49D1C002A8C4B /* wnm617final */ = {
			isa = PBXGroup;
			children = (
				E4ABE9491FE49D1C002A8C4B /* AppDelegate.swift */,
				E4ABE94B1FE49D1C002A8C4B /* ViewController.swift */,
				E4ABE94D1FE49D1C002A8C4B /* Main.storyboard */,
				E4ABE9501FE49D1C002A8C4B /* Assets.xcassets */,
				E4ABE9521FE49D1C002A8C4B /* LaunchScreen.storyboard */,
				E4ABE9551FE49D1C002A8C4B /* Info.plist */,
			);
			path = wnm617final;
			sourceTree = "<group>";
		};
		E4ABE95D1FE49D1C002A8C4B /* wnm617finalTests */ = {
			isa = PBXGroup;
			children = (
				E4ABE95E1FE49D1C002A8C4B /* wnm617finalTests.swift */,
				E4ABE9601FE49D1C002A8C4B /* Info.plist */,
			);
			path = wnm617finalTests;
			sourceTree = "<group>";
		};
		E4ABE9681FE49D1C002A8C4B /* wnm617finalUITests */ = {
			isa = PBXGroup;
			children = (
				E4ABE9691FE49D1C002A8C4B /* wnm617finalUITests.swift */,
				E4ABE96B1FE49D1C002A8C4B /* Info.plist */,
			);
			path = wnm617finalUITests;
			sourceTree = "<group>";
		};
/* End PBXGroup section */

/* Begin PBXNativeTarget section */
		E4ABE9451FE49D1C002A8C4B /* wnm617final */ = {
			isa = PBXNativeTarget;
			buildConfigurationList = E4ABE96E1FE49D1C002A8C4B /* Build configuration list for PBXNativeTarget "wnm617final" */;
			buildPhases = (
				E4ABE9421FE49D1C002A8C4B /* Sources */,
				E4ABE9431FE49D1C002A8C4B /* Frameworks */,
				E4ABE9441FE49D1C002A8C4B /* Resources */,
			);
			buildRules = (
			);
			dependencies = (
			);
			name = wnm617final;
			productName = wnm617final;
			productReference = E4ABE9461FE49D1C002A8C4B /* wnm617final.app */;
			productType = "com.apple.product-type.application";
		};
		E4ABE9591FE49D1C002A8C4B /* wnm617finalTests */ = {
			isa = PBXNativeTarget;
			buildConfigurationList = E4ABE9711FE49D1C002A8C4B /* Build configuration list for PBXNativeTarget "wnm617finalTests" */;
			buildPhases = (
				E4ABE9561FE49D1C002A8C4B /* Sources */,
				E4ABE9571FE49D1C002A8C4B /* Frameworks */,
				E4ABE9581FE49D1C002A8C4B /* Resources */,
			);
			buildRules = (
			);
			dependencies = (
				E4ABE95C1FE49D1C002A8C4B /* PBXTargetDependency */,
			);
			name = wnm617finalTests;
			productName = wnm617finalTests;
			productReference = E4ABE95A1FE49D1C002A8C4B /* wnm617finalTests.xctest */;
			productType = "com.apple.product-type.bundle.unit-test";
		};
		E4ABE9641FE49D1C002A8C4B /* wnm617finalUITests */ = {
			isa = PBXNativeTarget;
			buildConfigurationList = E4ABE9741FE49D1C002A8C4B /* Build configuration list for PBXNativeTarget "wnm617finalUITests" */;
			buildPhases = (
				E4ABE9611FE49D1C002A8C4B /* Sources */,
				E4ABE9621FE49D1C002A8C4B /* Frameworks */,
				E4ABE9631FE49D1C002A8C4B /* Resources */,
			);
			buildRules = (
			);
			dependencies = (
				E4ABE9671FE49D1C002A8C4B /* PBXTargetDependency */,
			);
			name = wnm617finalUITests;
			productName = wnm617finalUITests;
			productReference = E4ABE9651FE49D1C002A8C4B /* wnm617finalUITests.xctest */;
			productType = "com.apple.product-type.bundle.ui-testing";
		};
/* End PBXNativeTarget section */

/* Begin PBXProject section */
		E4ABE93E1FE49D1C002A8C4B /* Project object */ = {
			isa = PBXProject;
			attributes = {
				LastSwiftUpdateCheck = 0920;
				LastUpgradeCheck = 0920;
				ORGANIZATIONNAME = "Ziguang Wang";
				TargetAttributes = {
					E4ABE9451FE49D1C002A8C4B = {
						CreatedOnToolsVersion = 9.2;
						ProvisioningStyle = Automatic;
					};
					E4ABE9591FE49D1C002A8C4B = {
						CreatedOnToolsVersion = 9.2;
						ProvisioningStyle = Automatic;
						TestTargetID = E4ABE9451FE49D1C002A8C4B;
					};
					E4ABE9641FE49D1C002A8C4B = {
						CreatedOnToolsVersion = 9.2;
						ProvisioningStyle = Automatic;
						TestTargetID = E4ABE9451FE49D1C002A8C4B;
					};
				};
			};
			buildConfigurationList = E4ABE9411FE49D1C002A8C4B /* Build configuration list for PBXProject "wnm617final" */;
			compatibilityVersion = "Xcode 8.0";
			developmentRegion = en;
			hasScannedForEncodings = 0;
			knownRegions = (
				en,
				Base,
			);
			mainGroup = E4ABE93D1FE49D1C002A8C4B;
			productRefGroup = E4ABE9471FE49D1C002A8C4B /* Products */;
			projectDirPath = "";
			projectRoot = "";
			targets = (
				E4ABE9451FE49D1C002A8C4B /* wnm617final */,
				E4ABE9591FE49D1C002A8C4B /* wnm617finalTests */,
				E4ABE9641FE49D1C002A8C4B /* wnm617finalUITests */,
			);
		};
/* End PBXProject section */

/* Begin PBXResourcesBuildPhase section */
		E4ABE9441FE49D1C002A8C4B /* Resources */ = {
			isa = PBXResourcesBuildPhase;
			buildActionMask = 2147483647;
			files = (
				E4ABE9541FE49D1C002A8C4B /* LaunchScreen.storyboard in Resources */,
				E4ABE9511FE49D1C002A8C4B /* Assets.xcassets in Resources */,
				E4ABE94F1FE49D1C002A8C4B /* Main.storyboard in Resources */,
			);
			runOnlyForDeploymentPostprocessing = 0;
		};
		E4ABE9581FE49D1C002A8C4B /* Resources */ = {
			isa = PBXResourcesBuildPhase;
			buildActionMask = 2147483647;
			files = (
			);
			runOnlyForDeploymentPostprocessing = 0;
		};
		E4ABE9631FE49D1C002A8C4B /* Resources */ = {
			isa = PBXResourcesBuildPhase;
			buildActionMask = 2147483647;
			files = (
			);
			runOnlyForDeploymentPostprocessing = 0;
		};
/* End PBXResourcesBuildPhase section */

/* Begin PBXSourcesBuildPhase section */
		E4ABE9421FE49D1C002A8C4B /* Sources */ = {
			isa = PBXSourcesBuildPhase;
			buildActionMask = 2147483647;
			files = (
				E4ABE94C1FE49D1C002A8C4B /* ViewController.swift in Sources */,
				E4ABE94A1FE49D1C002A8C4B /* AppDelegate.swift in Sources */,
			);
			runOnlyForDeploymentPostprocessing = 0;
		};
		E4ABE9561FE49D1C002A8C4B /* Sources */ = {
			isa = PBXSourcesBuildPhase;
			buildActionMask = 2147483647;
			files = (
				E4ABE95F1FE49D1C002A8C4B /* wnm617finalTests.swift in Sources */,
			);
			runOnlyForDeploymentPostprocessing = 0;
		};
		E4ABE9611FE49D1C002A8C4B /* Sources */ = {
			isa = PBXSourcesBuildPhase;
			buildActionMask = 2147483647;
			files = (
				E4ABE96A1FE49D1C002A8C4B /* wnm617finalUITests.swift in Sources */,
			);
			runOnlyForDeploymentPostprocessing = 0;
		};
/* End PBXSourcesBuildPhase section */

/* Begin PBXTargetDependency section */
		E4ABE95C1FE49D1C002A8C4B /* PBXTargetDependency */ = {
			isa = PBXTargetDependency;
			target = E4ABE9451FE49D1C002A8C4B /* wnm617final */;
			targetProxy = E4ABE95B1FE49D1C002A8C4B /* PBXContainerItemProxy */;
		};
		E4ABE9671FE49D1C002A8C4B /* PBXTargetDependency */ = {
			isa = PBXTargetDependency;
			target = E4ABE9451FE49D1C002A8C4B /* wnm617final */;
			targetProxy = E4ABE9661FE49D1C002A8C4B /* PBXContainerItemProxy */;
		};
/* End PBXTargetDependency section */

/* Begin PBXVariantGroup section */
		E4ABE94D1FE49D1C002A8C4B /* Main.storyboard */ = {
			isa = PBXVariantGroup;
			children = (
				E4ABE94E1FE49D1C002A8C4B /* Base */,
			);
			name = Main.storyboard;
			sourceTree = "<group>";
		};
		E4ABE9521FE49D1C002A8C4B /* LaunchScreen.storyboard */ = {
			isa = PBXVariantGroup;
			children = (
				E4ABE9531FE49D1C002A8C4B /* Base */,
			);
			name = LaunchScreen.storyboard;
			sourceTree = "<group>";
		};
/* End PBXVariantGroup section */

/* Begin XCBuildConfiguration section */
		E4ABE96C1FE49D1C002A8C4B /* Debug */ = {
			isa = XCBuildConfiguration;
			buildSettings = {
				ALWAYS_SEARCH_USER_PATHS = NO;
				CLANG_ANALYZER_NONNULL = YES;
				CLANG_ANALYZER_NUMBER_OBJECT_CONVERSION = YES_AGGRESSIVE;
				CLANG_CXX_LANGUAGE_STANDARD = "gnu++14";
				CLANG_CXX_LIBRARY = "libc++";
				CLANG_ENABLE_MODULES = YES;
				CLANG_ENABLE_OBJC_ARC = YES;
				CLANG_WARN_BLOCK_CAPTURE_AUTORELEASING = YES;
				CLANG_WARN_BOOL_CONVERSION = YES;
				CLANG_WARN_COMMA = YES;
				CLANG_WARN_CONSTANT_CONVERSION = YES;
				CLANG_WARN_DIRECT_OBJC_ISA_USAGE = YES_ERROR;
				CLANG_WARN_DOCUMENTATION_COMMENTS = YES;
				CLANG_WARN_EMPTY_BODY = YES;
				CLANG_WARN_ENUM_CONVERSION = YES;
				CLANG_WARN_INFINITE_RECURSION = YES;
				CLANG_WARN_INT_CONVERSION = YES;
				CLANG_WARN_NON_LITERAL_NULL_CONVERSION = YES;
				CLANG_WARN_OBJC_LITERAL_CONVERSION = YES;
				CLANG_WARN_OBJC_ROOT_CLASS = YES_ERROR;
				CLANG_WARN_RANGE_LOOP_ANALYSIS = YES;
				CLANG_WARN_STRICT_PROTOTYPES = YES;
				CLANG_WARN_SUSPICIOUS_MOVE = YES;
				CLANG_WARN_UNGUARDED_AVAILABILITY = YES_AGGRESSIVE;
				CLANG_WARN_UNREACHABLE_CODE = YES;
				CLANG_WARN__DUPLICATE_METHOD_MATCH = YES;
				CODE_SIGN_IDENTITY = "iPhone Developer";
				COPY_PHASE_STRIP = NO;
				DEBUG_INFORMATION_FORMAT = dwarf;
				ENABLE_STRICT_OBJC_MSGSEND = YES;
				ENABLE_TESTABILITY = YES;
				GCC_C_LANGUAGE_STANDARD = gnu11;
				GCC_DYNAMIC_NO_PIC = NO;
				GCC_NO_COMMON_BLOCKS = YES;
				GCC_OPTIMIZATION_LEVEL = 0;
				GCC_PREPROCESSOR_DEFINITIONS = (
					"DEBUG=1",
					"$(inherited)",
				);
				GCC_WARN_64_TO_32_BIT_CONVERSION = YES;
				GCC_WARN_ABOUT_RETURN_TYPE = YES_ERROR;
				GCC_WARN_UNDECLARED_SELECTOR = YES;
				GCC_WARN_UNINITIALIZED_AUTOS = YES_AGGRESSIVE;
				GCC_WARN_UNUSED_FUNCTION = YES;
				GCC_WARN_UNUSED_VARIABLE = YES;
				IPHONEOS_DEPLOYMENT_TARGET = 11.2;
				MTL_ENABLE_DEBUG_INFO = YES;
				ONLY_ACTIVE_ARCH = YES;
				SDKROOT = iphoneos;
				SWIFT_ACTIVE_COMPILATION_CONDITIONS = DEBUG;
				SWIFT_OPTIMIZATION_LEVEL = "-Onone";
			};
			name = Debug;
		};
		E4ABE96D1FE49D1C002A8C4B /* Release */ = {
			isa = XCBuildConfiguration;
			buildSettings = {
				ALWAYS_SEARCH_USER_PATHS = NO;
				CLANG_ANALYZER_NONNULL = YES;
				CLANG_ANALYZER_NUMBER_OBJECT_CONVERSION = YES_AGGRESSIVE;
				CLANG_CXX_LANGUAGE_STANDARD = "gnu++14";
				CLANG_CXX_LIBRARY = "libc++";
				CLANG_ENABLE_MODULES = YES;
				CLANG_ENABLE_OBJC_ARC = YES;
				CLANG_WARN_BLOCK_CAPTURE_AUTORELEASING = YES;
				CLANG_WARN_BOOL_CONVERSION = YES;
				CLANG_WARN_COMMA = YES;
				CLANG_WARN_CONSTANT_CONVERSION = YES;
				CLANG_WARN_DIRECT_OBJC_ISA_USAGE = YES_ERROR;
				CLANG_WARN_DOCUMENTATION_COMMENTS = YES;
				CLANG_WARN_EMPTY_BODY = YES;
				CLANG_WARN_ENUM_CONVERSION = YES;
				CLANG_WARN_INFINITE_RECURSION = YES;
				CLANG_WARN_INT_CONVERSION = YES;
				CLANG_WARN_NON_LITERAL_NULL_CONVERSION = YES;
				CLANG_WARN_OBJC_LITERAL_CONVERSION = YES;
				CLANG_WARN_OBJC_ROOT_CLASS = YES_ERROR;
				CLANG_WARN_RANGE_LOOP_ANALYSIS = YES;
				CLANG_WARN_STRICT_PROTOTYPES = YES;
				CLANG_WARN_SUSPICIOUS_MOVE = YES;
				CLANG_WARN_UNGUARDED_AVAILABILITY = YES_AGGRESSIVE;
				CLANG_WARN_UNREACHABLE_CODE = YES;
				CLANG_WARN__DUPLICATE_METHOD_MATCH = YES;
				CODE_SIGN_IDENTITY = "iPhone Developer";
				COPY_PHASE_STRIP = NO;
				DEBUG_INFORMATION_FORMAT = "dwarf-with-dsym";
				ENABLE_NS_ASSERTIONS = NO;
				ENABLE_STRICT_OBJC_MSGSEND = YES;
				GCC_C_LANGUAGE_STANDARD = gnu11;
				GCC_NO_COMMON_BLOCKS = YES;
				GCC_WARN_64_TO_32_BIT_CONVERSION = YES;
				GCC_WARN_ABOUT_RETURN_TYPE = YES_ERROR;
				GCC_WARN_UNDECLARED_SELECTOR = YES;
				GCC_WARN_UNINITIALIZED_AUTOS = YES_AGGRESSIVE;
				GCC_WARN_UNUSED_FUNCTION = YES;
				GCC_WARN_UNUSED_VARIABLE = YES;
				IPHONEOS_DEPLOYMENT_TARGET = 11.2;
				MTL_ENABLE_DEBUG_INFO = NO;
				SDKROOT = iphoneos;
				SWIFT_OPTIMIZATION_LEVEL = "-Owholemodule";
				VALIDATE_PRODUCT = YES;
			};
			name = Release;
		};
		E4ABE96F1FE49D1C002A8C4B /* Debug */ = {
			isa = XCBuildConfiguration;
			buildSettings = {
				ASSETCATALOG_COMPILER_APPICON_NAME = AppIcon;
				CODE_SIGN_STYLE = Automatic;
				INFOPLIST_FILE = wnm617final/Info.plist;
				LD_RUNPATH_SEARCH_PATHS = "$(inherited) @executable_path/Frameworks";
				PRODUCT_BUNDLE_IDENTIFIER = "-23.wnm617final";
				PRODUCT_NAME = "$(TARGET_NAME)";
				SWIFT_VERSION = 4.0;
				TARGETED_DEVICE_FAMILY = "1,2";
			};
			name = Debug;
		};
		E4ABE9701FE49D1C002A8C4B /* Release */ = {
			isa = XCBuildConfiguration;
			buildSettings = {
				ASSETCATALOG_COMPILER_APPICON_NAME = AppIcon;
				CODE_SIGN_STYLE = Automatic;
				INFOPLIST_FILE = wnm617final/Info.plist;
				LD_RUNPATH_SEARCH_PATHS = "$(inherited) @executable_path/Frameworks";
				PRODUCT_BUNDLE_IDENTIFIER = "-23.wnm617final";
				PRODUCT_NAME = "$(TARGET_NAME)";
				SWIFT_VERSION = 4.0;
				TARGETED_DEVICE_FAMILY = "1,2";
			};
			name = Release;
		};
		E4ABE9721FE49D1C002A8C4B /* Debug */ = {
			isa = XCBuildConfiguration;
			buildSettings = {
				ALWAYS_EMBED_SWIFT_STANDARD_LIBRARIES = YES;
				BUNDLE_LOADER = "$(TEST_HOST)";
				CODE_SIGN_STYLE = Automatic;
				INFOPLIST_FILE = wnm617finalTests/Info.plist;
				LD_RUNPATH_SEARCH_PATHS = "$(inherited) @executable_path/Frameworks @loader_path/Frameworks";
				PRODUCT_BUNDLE_IDENTIFIER = "-23.wnm617finalTests";
				PRODUCT_NAME = "$(TARGET_NAME)";
				SWIFT_VERSION = 4.0;
				TARGETED_DEVICE_FAMILY = "1,2";
				TEST_HOST = "$(BUILT_PRODUCTS_DIR)/wnm617final.app/wnm617final";
			};
			name = Debug;
		};
		E4ABE9731FE49D1C002A8C4B /* Release */ = {
			isa = XCBuildConfiguration;
			buildSettings = {
				ALWAYS_EMBED_SWIFT_STANDARD_LIBRARIES = YES;
				BUNDLE_LOADER = "$(TEST_HOST)";
				CODE_SIGN_STYLE = Automatic;
				INFOPLIST_FILE = wnm617finalTests/Info.plist;
				LD_RUNPATH_SEARCH_PATHS = "$(inherited) @executable_path/Frameworks @loader_path/Frameworks";
				PRODUCT_BUNDLE_IDENTIFIER = "-23.wnm617finalTests";
				PRODUCT_NAME = "$(TARGET_NAME)";
				SWIFT_VERSION = 4.0;
				TARGETED_DEVICE_FAMILY = "1,2";
				TEST_HOST = "$(BUILT_PRODUCTS_DIR)/wnm617final.app/wnm617final";
			};
			name = Release;
		};
		E4ABE9751FE49D1C002A8C4B /* Debug */ = {
			isa = XCBuildConfiguration;
			buildSettings = {
				ALWAYS_EMBED_SWIFT_STANDARD_LIBRARIES = YES;
				CODE_SIGN_STYLE = Automatic;
				INFOPLIST_FILE = wnm617finalUITests/Info.plist;
				LD_RUNPATH_SEARCH_PATHS = "$(inherited) @executable_path/Frameworks @loader_path/Frameworks";
				PRODUCT_BUNDLE_IDENTIFIER = "-23.wnm617finalUITests";
				PRODUCT_NAME = "$(TARGET_NAME)";
				SWIFT_VERSION = 4.0;
				TARGETED_DEVICE_FAMILY = "1,2";
				TEST_TARGET_NAME = wnm617final;
			};
			name = Debug;
		};
		E4ABE9761FE49D1C002A8C4B /* Release */ = {
			isa = XCBuildConfiguration;
			buildSettings = {
				ALWAYS_EMBED_SWIFT_STANDARD_LIBRARIES = YES;
				CODE_SIGN_STYLE = Automatic;
				INFOPLIST_FILE = wnm617finalUITests/Info.plist;
				LD_RUNPATH_SEARCH_PATHS = "$(inherited) @executable_path/Frameworks @loader_path/Frameworks";
				PRODUCT_BUNDLE_IDENTIFIER = "-23.wnm617finalUITests";
				PRODUCT_NAME = "$(TARGET_NAME)";
				SWIFT_VERSION = 4.0;
				TARGETED_DEVICE_FAMILY = "1,2";
				TEST_TARGET_NAME = wnm617final;
			};
			name = Release;
		};
/* End XCBuildConfiguration section */

/* Begin XCConfigurationList section */
		E4ABE9411FE49D1C002A8C4B /* Build configuration list for PBXProject "wnm617final" */ = {
			isa = XCConfigurationList;
			buildConfigurations = (
				E4ABE96C1FE49D1C002A8C4B /* Debug */,
				E4ABE96D1FE49D1C002A8C4B /* Release */,
			);
			defaultConfigurationIsVisible = 0;
			defaultConfigurationName = Release;
		};
		E4ABE96E1FE49D1C002A8C4B /* Build configuration list for PBXNativeTarget "wnm617final" */ = {
			isa = XCConfigurationList;
			buildConfigurations = (
				E4ABE96F1FE49D1C002A8C4B /* Debug */,
				E4ABE9701FE49D1C002A8C4B /* Release */,
			);
			defaultConfigurationIsVisible = 0;
			defaultConfigurationName = Release;
		};
		E4ABE9711FE49D1C002A8C4B /* Build configuration list for PBXNativeTarget "wnm617finalTests" */ = {
			isa = XCConfigurationList;
			buildConfigurations = (
				E4ABE9721FE49D1C002A8C4B /* Debug */,
				E4ABE9731FE49D1C002A8C4B /* Release */,
			);
			defaultConfigurationIsVisible = 0;
			defaultConfigurationName = Release;
		};
		E4ABE9741FE49D1C002A8C4B /* Build configuration list for PBXNativeTarget "wnm617finalUITests" */ = {
			isa = XCConfigurationList;
			buildConfigurations = (
				E4ABE9751FE49D1C002A8C4B /* Debug */,
				E4ABE9761FE49D1C002A8C4B /* Release */,
			);
			defaultConfigurationIsVisible = 0;
			defaultConfigurationName = Release;
		};
/* End XCConfigurationList section */
	};
	rootObject = E4ABE93E1FE49D1C002A8C4B /* Project object */;
}
